
Microsoft Visual Studio Solution File, Format Version 12.00
# Visual Studio Version 17
VisualStudioVersion = 17.2.32526.322
MinimumVisualStudioVersion = 10.0.40219.1
Project("{2150E333-8FDC-42A3-9474-1A3956D46DE8}") = "Back", "Back", "{F2E4EA55-14EF-4D02-A701-72D7D50DF284}"
EndProject
Project("{2150E333-8FDC-42A3-9474-1A3956D46DE8}") = "1 - API", "1 - API", "{77EAA590-CB81-47E9-AD18-A7CA014BA535}"
EndProject
Project("{2150E333-8FDC-42A3-9474-1A3956D46DE8}") = "2 - Application", "2 - Application", "{23E555EB-4C9B-4FFC-9B79-492ADAD2B26A}"
EndProject
Project("{2150E333-8FDC-42A3-9474-1A3956D46DE8}") = "3 - Domain", "3 - Domain", "{DB130AC4-D268-4B2D-BC71-8FB48167B4B0}"
EndProject
Project("{2150E333-8FDC-42A3-9474-1A3956D46DE8}") = "4 - Infra", "4 - Infra", "{BE787A0E-6672-414E-848D-279D45D3FBC2}"
EndProject
Project("{2150E333-8FDC-42A3-9474-1A3956D46DE8}") = "3.1 - Entities", "3.1 - Entities", "{BA1C088C-19D3-40EF-ACCC-EF785311FA53}"
EndProject
Project("{2150E333-8FDC-42A3-9474-1A3956D46DE8}") = "3.2 - Services", "3.2 - Services", "{2C731E47-0B90-4A77-ABC2-0100327525E6}"
EndProject
Project("{2150E333-8FDC-42A3-9474-1A3956D46DE8}") = "3.3 - Repositories", "3.3 - Repositories", "{EC225AE8-4AB8-46F9-A376-518FD5219273}"
EndProject
Project("{9A19103F-16F7-4668-BE54-9A1E7A4F7556}") = "MicroErp.Api", "src\MicroErp.Api\MicroErp.Api.csproj", "{B62E6705-699B-4FCC-8F59-DFD3B8AF416E}"
EndProject
Project("{9A19103F-16F7-4668-BE54-9A1E7A4F7556}") = "MicroErp.Infra.Data.Repository.Orm", "src\MicroErp.Infra.Data.Repository.Orm\MicroErp.Infra.Data.Repository.Orm.csproj", "{84445891-59F4-40FB-B976-FAFC4BF63187}"
EndProject
Project("{9A19103F-16F7-4668-BE54-9A1E7A4F7556}") = "MicroErp.Infra.CrossCuting", "src\MicroErp.Infra.CrossCuting\MicroErp.Infra.CrossCuting.csproj", "{25042407-03C0-4ECC-85EC-2A876FAF6EA8}"
EndProject
Project("{9A19103F-16F7-4668-BE54-9A1E7A4F7556}") = "MicroErp.Infra.Bootstrap", "src\MicroErp.Infra.Bootstrap\MicroErp.Infra.Bootstrap.csproj", "{546B6092-973C-47DF-8546-31684EB11563}"
EndProject
Project("{9A19103F-16F7-4668-BE54-9A1E7A4F7556}") = "MicroErp.Domain.Repository.Orm.Abstract", "src\MicroErp.Domain.Repository.Orm.Abstract\MicroErp.Domain.Repository.Orm.Abstract.csproj", "{F2E56E42-D6ED-4581-BE6A-66A36EEBC304}"
EndProject
Project("{9A19103F-16F7-4668-BE54-9A1E7A4F7556}") = "MicroErp.Domain.Service.Abstract", "src\MicroErp.Domain.Service.Abstract\MicroErp.Domain.Service.Abstract.csproj", "{ACB33988-9A1A-4784-8B49-CD3A9C0E894E}"
EndProject
Project("{9A19103F-16F7-4668-BE54-9A1E7A4F7556}") = "MicroErp.Domain.Service", "src\MicroErp.Domain.Service\MicroErp.Domain.Service.csproj", "{1B4B356F-86EF-445F-9B1D-F72E7B5BB9D6}"
EndProject
Project("{9A19103F-16F7-4668-BE54-9A1E7A4F7556}") = "MicroErp.Domain.Entity", "src\MicroErp.Domain.Entity\MicroErp.Domain.Entity.csproj", "{83FDB810-9B59-44AA-8255-957FBD750B86}"
EndProject
Project("{9A19103F-16F7-4668-BE54-9A1E7A4F7556}") = "MicroErp.Application", "src\MicroErp.Application\MicroErp.Application.csproj", "{BB6AC2DC-86F2-4C5C-8B2B-4272C24BF30A}"
EndProject
Project("{2150E333-8FDC-42A3-9474-1A3956D46DE8}") = "Test", "Test", "{E06A0326-5694-43DA-A04B-46042931D67D}"
EndProject
Project("{9A19103F-16F7-4668-BE54-9A1E7A4F7556}") = "MicroErp.APi.Test", "tests\MicroErp.APi.Test\MicroErp.APi.Test.csproj", "{05C147E9-DDBA-4B11-A880-4921F171C5BF}"
EndProject
Project("{9A19103F-16F7-4668-BE54-9A1E7A4F7556}") = "MicroErp.Service.Test", "tests\MicroErp.Service.Test\MicroErp.Service.Test.csproj", "{42D859B5-3F4D-4AF9-9D81-9280BC86D8B7}"
EndProject
Project("{2150E333-8FDC-42A3-9474-1A3956D46DE8}") = "3.4 - Utils", "3.4 - Utils", "{F8D8DE06-FBAA-40A1-93FB-692DBB717A08}"
EndProject
Project("{FAE04EC0-301F-11D3-BF4B-00C04F79EFBC}") = "MicroErp.Domain.Utils", "src\MicroErp.Domain.Utils\MicroErp.Domain.Utils.csproj", "{B0C51F76-5A4D-4944-8324-062981E72A77}"
EndProject
Global
	GlobalSection(SolutionConfigurationPlatforms) = preSolution
		Debug|Any CPU = Debug|Any CPU
		Release|Any CPU = Release|Any CPU
	EndGlobalSection
	GlobalSection(ProjectConfigurationPlatforms) = postSolution
		{B62E6705-699B-4FCC-8F59-DFD3B8AF416E}.Debug|Any CPU.ActiveCfg = Debug|Any CPU
		{B62E6705-699B-4FCC-8F59-DFD3B8AF416E}.Debug|Any CPU.Build.0 = Debug|Any CPU
		{B62E6705-699B-4FCC-8F59-DFD3B8AF416E}.Release|Any CPU.ActiveCfg = Release|Any CPU
		{B62E6705-699B-4FCC-8F59-DFD3B8AF416E}.Release|Any CPU.Build.0 = Release|Any CPU
		{84445891-59F4-40FB-B976-FAFC4BF63187}.Debug|Any CPU.ActiveCfg = Debug|Any CPU
		{84445891-59F4-40FB-B976-FAFC4BF63187}.Debug|Any CPU.Build.0 = Debug|Any CPU
		{84445891-59F4-40FB-B976-FAFC4BF63187}.Release|Any CPU.ActiveCfg = Release|Any CPU
		{84445891-59F4-40FB-B976-FAFC4BF63187}.Release|Any CPU.Build.0 = Release|Any CPU
		{25042407-03C0-4ECC-85EC-2A876FAF6EA8}.Debug|Any CPU.ActiveCfg = Debug|Any CPU
		{25042407-03C0-4ECC-85EC-2A876FAF6EA8}.Debug|Any CPU.Build.0 = Debug|Any CPU
		{25042407-03C0-4ECC-85EC-2A876FAF6EA8}.Release|Any CPU.ActiveCfg = Release|Any CPU
		{25042407-03C0-4ECC-85EC-2A876FAF6EA8}.Release|Any CPU.Build.0 = Release|Any CPU
		{546B6092-973C-47DF-8546-31684EB11563}.Debug|Any CPU.ActiveCfg = Debug|Any CPU
		{546B6092-973C-47DF-8546-31684EB11563}.Debug|Any CPU.Build.0 = Debug|Any CPU
		{546B6092-973C-47DF-8546-31684EB11563}.Release|Any CPU.ActiveCfg = Release|Any CPU
		{546B6092-973C-47DF-8546-31684EB11563}.Release|Any CPU.Build.0 = Release|Any CPU
		{F2E56E42-D6ED-4581-BE6A-66A36EEBC304}.Debug|Any CPU.ActiveCfg = Debug|Any CPU
		{F2E56E42-D6ED-4581-BE6A-66A36EEBC304}.Debug|Any CPU.Build.0 = Debug|Any CPU
		{F2E56E42-D6ED-4581-BE6A-66A36EEBC304}.Release|Any CPU.ActiveCfg = Release|Any CPU
		{F2E56E42-D6ED-4581-BE6A-66A36EEBC304}.Release|Any CPU.Build.0 = Release|Any CPU
		{ACB33988-9A1A-4784-8B49-CD3A9C0E894E}.Debug|Any CPU.ActiveCfg = Debug|Any CPU
		{ACB33988-9A1A-4784-8B49-CD3A9C0E894E}.Debug|Any CPU.Build.0 = Debug|Any CPU
		{ACB33988-9A1A-4784-8B49-CD3A9C0E894E}.Release|Any CPU.ActiveCfg = Release|Any CPU
		{ACB33988-9A1A-4784-8B49-CD3A9C0E894E}.Release|Any CPU.Build.0 = Release|Any CPU
		{1B4B356F-86EF-445F-9B1D-F72E7B5BB9D6}.Debug|Any CPU.ActiveCfg = Debug|Any CPU
		{1B4B356F-86EF-445F-9B1D-F72E7B5BB9D6}.Debug|Any CPU.Build.0 = Debug|Any CPU
		{1B4B356F-86EF-445F-9B1D-F72E7B5BB9D6}.Release|Any CPU.ActiveCfg = Release|Any CPU
		{1B4B356F-86EF-445F-9B1D-F72E7B5BB9D6}.Release|Any CPU.Build.0 = Release|Any CPU
		{83FDB810-9B59-44AA-8255-957FBD750B86}.Debug|Any CPU.ActiveCfg = Debug|Any CPU
		{83FDB810-9B59-44AA-8255-957FBD750B86}.Debug|Any CPU.Build.0 = Debug|Any CPU
		{83FDB810-9B59-44AA-8255-957FBD750B86}.Release|Any CPU.ActiveCfg = Release|Any CPU
		{83FDB810-9B59-44AA-8255-957FBD750B86}.Release|Any CPU.Build.0 = Release|Any CPU
		{BB6AC2DC-86F2-4C5C-8B2B-4272C24BF30A}.Debug|Any CPU.ActiveCfg = Debug|Any CPU
		{BB6AC2DC-86F2-4C5C-8B2B-4272C24BF30A}.Debug|Any CPU.Build.0 = Debug|Any CPU
		{BB6AC2DC-86F2-4C5C-8B2B-4272C24BF30A}.Release|Any CPU.ActiveCfg = Release|Any CPU
		{BB6AC2DC-86F2-4C5C-8B2B-4272C24BF30A}.Release|Any CPU.Build.0 = Release|Any CPU
		{05C147E9-DDBA-4B11-A880-4921F171C5BF}.Debug|Any CPU.ActiveCfg = Debug|Any CPU
		{05C147E9-DDBA-4B11-A880-4921F171C5BF}.Debug|Any CPU.Build.0 = Debug|Any CPU
		{05C147E9-DDBA-4B11-A880-4921F171C5BF}.Release|Any CPU.ActiveCfg = Release|Any CPU
		{05C147E9-DDBA-4B11-A880-4921F171C5BF}.Release|Any CPU.Build.0 = Release|Any CPU
		{42D859B5-3F4D-4AF9-9D81-9280BC86D8B7}.Debug|Any CPU.ActiveCfg = Debug|Any CPU
		{42D859B5-3F4D-4AF9-9D81-9280BC86D8B7}.Debug|Any CPU.Build.0 = Debug|Any CPU
		{42D859B5-3F4D-4AF9-9D81-9280BC86D8B7}.Release|Any CPU.ActiveCfg = Release|Any CPU
		{42D859B5-3F4D-4AF9-9D81-9280BC86D8B7}.Release|Any CPU.Build.0 = Release|Any CPU
		{B0C51F76-5A4D-4944-8324-062981E72A77}.Debug|Any CPU.ActiveCfg = Debug|Any CPU
		{B0C51F76-5A4D-4944-8324-062981E72A77}.Debug|Any CPU.Build.0 = Debug|Any CPU
		{B0C51F76-5A4D-4944-8324-062981E72A77}.Release|Any CPU.ActiveCfg = Release|Any CPU
		{B0C51F76-5A4D-4944-8324-062981E72A77}.Release|Any CPU.Build.0 = Release|Any CPU
	EndGlobalSection
	GlobalSection(SolutionProperties) = preSolution
		HideSolutionNode = FALSE
	EndGlobalSection
	GlobalSection(NestedProjects) = preSolution
		{77EAA590-CB81-47E9-AD18-A7CA014BA535} = {F2E4EA55-14EF-4D02-A701-72D7D50DF284}
		{23E555EB-4C9B-4FFC-9B79-492ADAD2B26A} = {F2E4EA55-14EF-4D02-A701-72D7D50DF284}
		{DB130AC4-D268-4B2D-BC71-8FB48167B4B0} = {F2E4EA55-14EF-4D02-A701-72D7D50DF284}
		{BE787A0E-6672-414E-848D-279D45D3FBC2} = {F2E4EA55-14EF-4D02-A701-72D7D50DF284}
		{BA1C088C-19D3-40EF-ACCC-EF785311FA53} = {DB130AC4-D268-4B2D-BC71-8FB48167B4B0}
		{2C731E47-0B90-4A77-ABC2-0100327525E6} = {DB130AC4-D268-4B2D-BC71-8FB48167B4B0}
		{EC225AE8-4AB8-46F9-A376-518FD5219273} = {DB130AC4-D268-4B2D-BC71-8FB48167B4B0}
		{B62E6705-699B-4FCC-8F59-DFD3B8AF416E} = {77EAA590-CB81-47E9-AD18-A7CA014BA535}
		{84445891-59F4-40FB-B976-FAFC4BF63187} = {BE787A0E-6672-414E-848D-279D45D3FBC2}
		{25042407-03C0-4ECC-85EC-2A876FAF6EA8} = {BE787A0E-6672-414E-848D-279D45D3FBC2}
		{546B6092-973C-47DF-8546-31684EB11563} = {BE787A0E-6672-414E-848D-279D45D3FBC2}
		{F2E56E42-D6ED-4581-BE6A-66A36EEBC304} = {EC225AE8-4AB8-46F9-A376-518FD5219273}
		{ACB33988-9A1A-4784-8B49-CD3A9C0E894E} = {2C731E47-0B90-4A77-ABC2-0100327525E6}
		{1B4B356F-86EF-445F-9B1D-F72E7B5BB9D6} = {2C731E47-0B90-4A77-ABC2-0100327525E6}
		{83FDB810-9B59-44AA-8255-957FBD750B86} = {BA1C088C-19D3-40EF-ACCC-EF785311FA53}
		{BB6AC2DC-86F2-4C5C-8B2B-4272C24BF30A} = {23E555EB-4C9B-4FFC-9B79-492ADAD2B26A}
		{05C147E9-DDBA-4B11-A880-4921F171C5BF} = {E06A0326-5694-43DA-A04B-46042931D67D}
		{42D859B5-3F4D-4AF9-9D81-9280BC86D8B7} = {E06A0326-5694-43DA-A04B-46042931D67D}
		{F8D8DE06-FBAA-40A1-93FB-692DBB717A08} = {DB130AC4-D268-4B2D-BC71-8FB48167B4B0}
		{B0C51F76-5A4D-4944-8324-062981E72A77} = {F8D8DE06-FBAA-40A1-93FB-692DBB717A08}
	EndGlobalSection
	GlobalSection(ExtensibilityGlobals) = postSolution
		SolutionGuid = {8F58184C-70B5-48EA-B1A8-686B51DD1EA1}
	EndGlobalSection
EndGlobal
